
Microsoft Visual Studio Solution File, Format Version 12.00
# Visual Studio Version 16
VisualStudioVersion = 16.0.30413.136
MinimumVisualStudioVersion = 10.0.40219.1
Project("{FAE04EC0-301F-11D3-BF4B-00C04F79EFBC}") = "ukol2oop", "ukol2oop\ukol2oop.csproj", "{BF07A61A-37F1-4D90-B96D-64EA64751899}"
EndProject
Global
	GlobalSection(SolutionConfigurationPlatforms) = preSolution
		Debug|Any CPU = Debug|Any CPU
		Release|Any CPU = Release|Any CPU
	EndGlobalSection
	GlobalSection(ProjectConfigurationPlatforms) = postSolution
		{BF07A61A-37F1-4D90-B96D-64EA64751899}.Debug|Any CPU.ActiveCfg = Debug|Any CPU
		{BF07A61A-37F1-4D90-B96D-64EA64751899}.Debug|Any CPU.Build.0 = Debug|Any CPU
		{BF07A61A-37F1-4D90-B96D-64EA64751899}.Release|Any CPU.ActiveCfg = Release|Any CPU
		{BF07A61A-37F1-4D90-B96D-64EA64751899}.Release|Any CPU.Build.0 = Release|Any CPU
	EndGlobalSection
	GlobalSection(SolutionProperties) = preSolution
		HideSolutionNode = FALSE
	EndGlobalSection
	GlobalSection(ExtensibilityGlobals) = postSolution
		SolutionGuid = {3FBB8775-F3D8-4F4A-9EA3-D0C5C0D815FE}
	EndGlobalSection
EndGlobal
